
Microsoft Visual Studio Solution File, Format Version 12.00
# Visual Studio Version 17
VisualStudioVersion = 17.12.35707.178 d17.12
MinimumVisualStudioVersion = 10.0.40219.1
Project("{FAE04EC0-301F-11D3-BF4B-00C04F79EFBC}") = "API", "API\API.csproj", "{58D82594-06F9-43AA-BCBD-D31EB2A192D8}"
EndProject
Project("{FAE04EC0-301F-11D3-BF4B-00C04F79EFBC}") = "Infrastructure", "Infrastructure\Infrastructure.csproj", "{30373779-AA5E-42C1-A84F-01BA5E5C3028}"
EndProject
Project("{FAE04EC0-301F-11D3-BF4B-00C04F79EFBC}") = "Core", "Core\Core.csproj", "{1565EBE7-8575-4BEC-B256-3D2A1CF797D0}"
EndProject
Global
	GlobalSection(SolutionConfigurationPlatforms) = preSolution
		Debug|Any CPU = Debug|Any CPU
		Release|Any CPU = Release|Any CPU
	EndGlobalSection
	GlobalSection(ProjectConfigurationPlatforms) = postSolution
		{58D82594-06F9-43AA-BCBD-D31EB2A192D8}.Debug|Any CPU.ActiveCfg = Debug|Any CPU
		{58D82594-06F9-43AA-BCBD-D31EB2A192D8}.Debug|Any CPU.Build.0 = Debug|Any CPU
		{58D82594-06F9-43AA-BCBD-D31EB2A192D8}.Release|Any CPU.ActiveCfg = Release|Any CPU
		{58D82594-06F9-43AA-BCBD-D31EB2A192D8}.Release|Any CPU.Build.0 = Release|Any CPU
		{30373779-AA5E-42C1-A84F-01BA5E5C3028}.Debug|Any CPU.ActiveCfg = Debug|Any CPU
		{30373779-AA5E-42C1-A84F-01BA5E5C3028}.Debug|Any CPU.Build.0 = Debug|Any CPU
		{30373779-AA5E-42C1-A84F-01BA5E5C3028}.Release|Any CPU.ActiveCfg = Release|Any CPU
		{30373779-AA5E-42C1-A84F-01BA5E5C3028}.Release|Any CPU.Build.0 = Release|Any CPU
		{1565EBE7-8575-4BEC-B256-3D2A1CF797D0}.Debug|Any CPU.ActiveCfg = Debug|Any CPU
		{1565EBE7-8575-4BEC-B256-3D2A1CF797D0}.Debug|Any CPU.Build.0 = Debug|Any CPU
		{1565EBE7-8575-4BEC-B256-3D2A1CF797D0}.Release|Any CPU.ActiveCfg = Release|Any CPU
		{1565EBE7-8575-4BEC-B256-3D2A1CF797D0}.Release|Any CPU.Build.0 = Release|Any CPU
	EndGlobalSection
	GlobalSection(SolutionProperties) = preSolution
		HideSolutionNode = FALSE
	EndGlobalSection
EndGlobal
